// !$*UTF8*$!
{
	archiveVersion = 1;
	classes = {
	};
	objectVersion = 46;
	objects = {

/* Begin PBXBuildFile section */
		FA2982151D7F7724002C0110 /* SearchableObject.swift in Sources */ = {isa = PBXBuildFile; fileRef = FA2982141D7F7724002C0110 /* SearchableObject.swift */; };
		FA756F221D8743CF00A9499F /* CloudKitManager.swift in Sources */ = {isa = PBXBuildFile; fileRef = FA756F211D8743CF00A9499F /* CloudKitManager.swift */; };
		FA756F241D8746C300A9499F /* CloudKitSyncable.swift in Sources */ = {isa = PBXBuildFile; fileRef = FA756F231D8746C300A9499F /* CloudKitSyncable.swift */; };
		FA9D4F991D7E0B760022D2BF /* AppDelegate.swift in Sources */ = {isa = PBXBuildFile; fileRef = FA9D4F981D7E0B760022D2BF /* AppDelegate.swift */; };
		FA9D4F9E1D7E0B760022D2BF /* Main.storyboard in Resources */ = {isa = PBXBuildFile; fileRef = FA9D4F9C1D7E0B760022D2BF /* Main.storyboard */; };
		FA9D4FA01D7E0B760022D2BF /* Assets.xcassets in Resources */ = {isa = PBXBuildFile; fileRef = FA9D4F9F1D7E0B760022D2BF /* Assets.xcassets */; };
		FA9D4FA31D7E0B760022D2BF /* LaunchScreen.storyboard in Resources */ = {isa = PBXBuildFile; fileRef = FA9D4FA11D7E0B760022D2BF /* LaunchScreen.storyboard */; };
		FA9D4FAB1D7E10280022D2BF /* PostListTableViewController.swift in Sources */ = {isa = PBXBuildFile; fileRef = FA9D4FAA1D7E10280022D2BF /* PostListTableViewController.swift */; };
		FA9D4FAD1D7E10A70022D2BF /* PostDetailTableViewController.swift in Sources */ = {isa = PBXBuildFile; fileRef = FA9D4FAC1D7E10A70022D2BF /* PostDetailTableViewController.swift */; };
		FA9D4FAF1D7E115F0022D2BF /* NewPostTableViewController.swift in Sources */ = {isa = PBXBuildFile; fileRef = FA9D4FAE1D7E115F0022D2BF /* NewPostTableViewController.swift */; };
		FA9D4FB11D7E11EA0022D2BF /* SearchResultsTableViewController.swift in Sources */ = {isa = PBXBuildFile; fileRef = FA9D4FB01D7E11EA0022D2BF /* SearchResultsTableViewController.swift */; };
		FA9D4FB41D7E12C30022D2BF /* Post.swift in Sources */ = {isa = PBXBuildFile; fileRef = FA9D4FB31D7E12C30022D2BF /* Post.swift */; };
		FA9D4FB61D7E12C90022D2BF /* Comment.swift in Sources */ = {isa = PBXBuildFile; fileRef = FA9D4FB51D7E12C90022D2BF /* Comment.swift */; };
		FA9D4FB91D7E15B10022D2BF /* PostController.swift in Sources */ = {isa = PBXBuildFile; fileRef = FA9D4FB81D7E15B10022D2BF /* PostController.swift */; };
		FA9D4FBC1D7E20D90022D2BF /* PostTableViewCell.swift in Sources */ = {isa = PBXBuildFile; fileRef = FA9D4FBB1D7E20D90022D2BF /* PostTableViewCell.swift */; };
/* End PBXBuildFile section */

/* Begin PBXFileReference section */
		FA2982141D7F7724002C0110 /* SearchableObject.swift */ = {isa = PBXFileReference; fileEncoding = 4; lastKnownFileType = sourcecode.swift; path = SearchableObject.swift; sourceTree = "<group>"; };
		FA756F211D8743CF00A9499F /* CloudKitManager.swift */ = {isa = PBXFileReference; fileEncoding = 4; lastKnownFileType = sourcecode.swift; path = CloudKitManager.swift; sourceTree = "<group>"; };
		FA756F231D8746C300A9499F /* CloudKitSyncable.swift */ = {isa = PBXFileReference; fileEncoding = 4; lastKnownFileType = sourcecode.swift; path = CloudKitSyncable.swift; sourceTree = "<group>"; };
		FA9D4F951D7E0B760022D2BF /* Timeline.app */ = {isa = PBXFileReference; explicitFileType = wrapper.application; includeInIndex = 0; path = Timeline.app; sourceTree = BUILT_PRODUCTS_DIR; };
		FA9D4F981D7E0B760022D2BF /* AppDelegate.swift */ = {isa = PBXFileReference; lastKnownFileType = sourcecode.swift; path = AppDelegate.swift; sourceTree = "<group>"; };
		FA9D4F9D1D7E0B760022D2BF /* Base */ = {isa = PBXFileReference; lastKnownFileType = file.storyboard; name = Base; path = Base.lproj/Main.storyboard; sourceTree = "<group>"; };
		FA9D4F9F1D7E0B760022D2BF /* Assets.xcassets */ = {isa = PBXFileReference; lastKnownFileType = folder.assetcatalog; path = Assets.xcassets; sourceTree = "<group>"; };
		FA9D4FA21D7E0B760022D2BF /* Base */ = {isa = PBXFileReference; lastKnownFileType = file.storyboard; name = Base; path = Base.lproj/LaunchScreen.storyboard; sourceTree = "<group>"; };
		FA9D4FA41D7E0B760022D2BF /* Info.plist */ = {isa = PBXFileReference; lastKnownFileType = text.plist.xml; path = Info.plist; sourceTree = "<group>"; };
		FA9D4FAA1D7E10280022D2BF /* PostListTableViewController.swift */ = {isa = PBXFileReference; fileEncoding = 4; lastKnownFileType = sourcecode.swift; path = PostListTableViewController.swift; sourceTree = "<group>"; };
		FA9D4FAC1D7E10A70022D2BF /* PostDetailTableViewController.swift */ = {isa = PBXFileReference; fileEncoding = 4; lastKnownFileType = sourcecode.swift; path = PostDetailTableViewController.swift; sourceTree = "<group>"; };
		FA9D4FAE1D7E115F0022D2BF /* NewPostTableViewController.swift */ = {isa = PBXFileReference; fileEncoding = 4; lastKnownFileType = sourcecode.swift; path = NewPostTableViewController.swift; sourceTree = "<group>"; };
		FA9D4FB01D7E11EA0022D2BF /* SearchResultsTableViewController.swift */ = {isa = PBXFileReference; fileEncoding = 4; lastKnownFileType = sourcecode.swift; path = SearchResultsTableViewController.swift; sourceTree = "<group>"; };
		FA9D4FB31D7E12C30022D2BF /* Post.swift */ = {isa = PBXFileReference; fileEncoding = 4; lastKnownFileType = sourcecode.swift; path = Post.swift; sourceTree = "<group>"; };
		FA9D4FB51D7E12C90022D2BF /* Comment.swift */ = {isa = PBXFileReference; fileEncoding = 4; lastKnownFileType = sourcecode.swift; path = Comment.swift; sourceTree = "<group>"; };
		FA9D4FB81D7E15B10022D2BF /* PostController.swift */ = {isa = PBXFileReference; fileEncoding = 4; lastKnownFileType = sourcecode.swift; path = PostController.swift; sourceTree = "<group>"; };
		FA9D4FBB1D7E20D90022D2BF /* PostTableViewCell.swift */ = {isa = PBXFileReference; fileEncoding = 4; lastKnownFileType = sourcecode.swift; path = PostTableViewCell.swift; sourceTree = "<group>"; };
/* End PBXFileReference section */

/* Begin PBXFrameworksBuildPhase section */
		FA9D4F921D7E0B760022D2BF /* Frameworks */ = {
			isa = PBXFrameworksBuildPhase;
			buildActionMask = 2147483647;
			files = (
			);
			runOnlyForDeploymentPostprocessing = 0;
		};
/* End PBXFrameworksBuildPhase section */

/* Begin PBXGroup section */
		FA9D4F8C1D7E0B760022D2BF = {
			isa = PBXGroup;
			children = (
				FA9D4F971D7E0B760022D2BF /* Timeline */,
				FA9D4F961D7E0B760022D2BF /* Products */,
			);
			sourceTree = "<group>";
		};
		FA9D4F961D7E0B760022D2BF /* Products */ = {
			isa = PBXGroup;
			children = (
				FA9D4F951D7E0B760022D2BF /* Timeline.app */,
			);
			name = Products;
			sourceTree = "<group>";
		};
		FA9D4F971D7E0B760022D2BF /* Timeline */ = {
			isa = PBXGroup;
			children = (
				FA9D4F981D7E0B760022D2BF /* AppDelegate.swift */,
				FA9D4F9C1D7E0B760022D2BF /* Main.storyboard */,
				FA9D4FB71D7E12D10022D2BF /* Model */,
				FA9D4FBA1D7E15C40022D2BF /* ModelControllers */,
				FA9D4FB21D7E12020022D2BF /* ViewControllers */,
				FA9D4F9F1D7E0B760022D2BF /* Assets.xcassets */,
				FA9D4FA11D7E0B760022D2BF /* LaunchScreen.storyboard */,
				FA9D4FA41D7E0B760022D2BF /* Info.plist */,
			);
			path = Timeline;
			sourceTree = "<group>";
		};
		FA9D4FB21D7E12020022D2BF /* ViewControllers */ = {
			isa = PBXGroup;
			children = (
				FA9D4FBB1D7E20D90022D2BF /* PostTableViewCell.swift */,
				FA9D4FAC1D7E10A70022D2BF /* PostDetailTableViewController.swift */,
				FA9D4FAE1D7E115F0022D2BF /* NewPostTableViewController.swift */,
				FA9D4FAA1D7E10280022D2BF /* PostListTableViewController.swift */,
				FA9D4FB01D7E11EA0022D2BF /* SearchResultsTableViewController.swift */,
			);
			name = ViewControllers;
			sourceTree = "<group>";
		};
		FA9D4FB71D7E12D10022D2BF /* Model */ = {
			isa = PBXGroup;
			children = (
				FA9D4FB31D7E12C30022D2BF /* Post.swift */,
				FA756F231D8746C300A9499F /* CloudKitSyncable.swift */,
				FA9D4FB51D7E12C90022D2BF /* Comment.swift */,
				FA2982141D7F7724002C0110 /* SearchableObject.swift */,
			);
			name = Model;
			sourceTree = "<group>";
		};
		FA9D4FBA1D7E15C40022D2BF /* ModelControllers */ = {
			isa = PBXGroup;
			children = (
				FA9D4FB81D7E15B10022D2BF /* PostController.swift */,
				FA756F211D8743CF00A9499F /* CloudKitManager.swift */,
			);
			name = ModelControllers;
			sourceTree = "<group>";
		};
/* End PBXGroup section */

/* Begin PBXNativeTarget section */
		FA9D4F941D7E0B760022D2BF /* Timeline */ = {
			isa = PBXNativeTarget;
			buildConfigurationList = FA9D4FA71D7E0B760022D2BF /* Build configuration list for PBXNativeTarget "Timeline" */;
			buildPhases = (
				FA9D4F911D7E0B760022D2BF /* Sources */,
				FA9D4F921D7E0B760022D2BF /* Frameworks */,
				FA9D4F931D7E0B760022D2BF /* Resources */,
			);
			buildRules = (
			);
			dependencies = (
			);
			name = Timeline;
			productName = Timeline;
			productReference = FA9D4F951D7E0B760022D2BF /* Timeline.app */;
			productType = "com.apple.product-type.application";
		};
/* End PBXNativeTarget section */

/* Begin PBXProject section */
		FA9D4F8D1D7E0B760022D2BF /* Project object */ = {
			isa = PBXProject;
			attributes = {
				LastSwiftUpdateCheck = 0730;
				LastUpgradeCheck = 0730;
				ORGANIZATIONNAME = "Austin Blaser";
				TargetAttributes = {
					FA9D4F941D7E0B760022D2BF = {
						CreatedOnToolsVersion = 7.3.1;
					};
				};
			};
			buildConfigurationList = FA9D4F901D7E0B760022D2BF /* Build configuration list for PBXProject "Timeline" */;
			compatibilityVersion = "Xcode 3.2";
			developmentRegion = English;
			hasScannedForEncodings = 0;
			knownRegions = (
				en,
				Base,
			);
			mainGroup = FA9D4F8C1D7E0B760022D2BF;
			productRefGroup = FA9D4F961D7E0B760022D2BF /* Products */;
			projectDirPath = "";
			projectRoot = "";
			targets = (
				FA9D4F941D7E0B760022D2BF /* Timeline */,
			);
		};
/* End PBXProject section */

/* Begin PBXResourcesBuildPhase section */
		FA9D4F931D7E0B760022D2BF /* Resources */ = {
			isa = PBXResourcesBuildPhase;
			buildActionMask = 2147483647;
			files = (
				FA9D4FA31D7E0B760022D2BF /* LaunchScreen.storyboard in Resources */,
				FA9D4FA01D7E0B760022D2BF /* Assets.xcassets in Resources */,
				FA9D4F9E1D7E0B760022D2BF /* Main.storyboard in Resources */,
			);
			runOnlyForDeploymentPostprocessing = 0;
		};
/* End PBXResourcesBuildPhase section */

/* Begin PBXSourcesBuildPhase section */
		FA9D4F911D7E0B760022D2BF /* Sources */ = {
			isa = PBXSourcesBuildPhase;
			buildActionMask = 2147483647;
			files = (
				FA9D4FAF1D7E115F0022D2BF /* NewPostTableViewController.swift in Sources */,
				FA756F241D8746C300A9499F /* CloudKitSyncable.swift in Sources */,
				FA756F221D8743CF00A9499F /* CloudKitManager.swift in Sources */,
				FA9D4FB91D7E15B10022D2BF /* PostController.swift in Sources */,
				FA9D4F991D7E0B760022D2BF /* AppDelegate.swift in Sources */,
				FA9D4FB11D7E11EA0022D2BF /* SearchResultsTableViewController.swift in Sources */,
				FA9D4FB61D7E12C90022D2BF /* Comment.swift in Sources */,
				FA9D4FB41D7E12C30022D2BF /* Post.swift in Sources */,
				FA2982151D7F7724002C0110 /* SearchableObject.swift in Sources */,
				FA9D4FAB1D7E10280022D2BF /* PostListTableViewController.swift in Sources */,
				FA9D4FAD1D7E10A70022D2BF /* PostDetailTableViewController.swift in Sources */,
				FA9D4FBC1D7E20D90022D2BF /* PostTableViewCell.swift in Sources */,
			);
			runOnlyForDeploymentPostprocessing = 0;
		};
/* End PBXSourcesBuildPhase section */

/* Begin PBXVariantGroup section */
		FA9D4F9C1D7E0B760022D2BF /* Main.storyboard */ = {
			isa = PBXVariantGroup;
			children = (
				FA9D4F9D1D7E0B760022D2BF /* Base */,
			);
			name = Main.storyboard;
			sourceTree = "<group>";
		};
		FA9D4FA11D7E0B760022D2BF /* LaunchScreen.storyboard */ = {
			isa = PBXVariantGroup;
			children = (
				FA9D4FA21D7E0B760022D2BF /* Base */,
			);
			name = LaunchScreen.storyboard;
			sourceTree = "<group>";
		};
/* End PBXVariantGroup section */

/* Begin XCBuildConfiguration section */
		FA9D4FA51D7E0B760022D2BF /* Debug */ = {
			isa = XCBuildConfiguration;
			buildSettings = {
				ALWAYS_SEARCH_USER_PATHS = NO;
				CLANG_ANALYZER_NONNULL = YES;
				CLANG_CXX_LANGUAGE_STANDARD = "gnu++0x";
				CLANG_CXX_LIBRARY = "libc++";
				CLANG_ENABLE_MODULES = YES;
				CLANG_ENABLE_OBJC_ARC = YES;
				CLANG_WARN_BOOL_CONVERSION = YES;
				CLANG_WARN_CONSTANT_CONVERSION = YES;
				CLANG_WARN_DIRECT_OBJC_ISA_USAGE = YES_ERROR;
				CLANG_WARN_EMPTY_BODY = YES;
				CLANG_WARN_ENUM_CONVERSION = YES;
				CLANG_WARN_INT_CONVERSION = YES;
				CLANG_WARN_OBJC_ROOT_CLASS = YES_ERROR;
				CLANG_WARN_UNREACHABLE_CODE = YES;
				CLANG_WARN__DUPLICATE_METHOD_MATCH = YES;
				"CODE_SIGN_IDENTITY[sdk=iphoneos*]" = "iPhone Developer";
				COPY_PHASE_STRIP = NO;
				DEBUG_INFORMATION_FORMAT = dwarf;
				ENABLE_STRICT_OBJC_MSGSEND = YES;
				ENABLE_TESTABILITY = YES;
				GCC_C_LANGUAGE_STANDARD = gnu99;
				GCC_DYNAMIC_NO_PIC = NO;
				GCC_NO_COMMON_BLOCKS = YES;
				GCC_OPTIMIZATION_LEVEL = 0;
				GCC_PREPROCESSOR_DEFINITIONS = (
					"DEBUG=1",
					"$(inherited)",
				);
				GCC_WARN_64_TO_32_BIT_CONVERSION = YES;
				GCC_WARN_ABOUT_RETURN_TYPE = YES_ERROR;
				GCC_WARN_UNDECLARED_SELECTOR = YES;
				GCC_WARN_UNINITIALIZED_AUTOS = YES_AGGRESSIVE;
				GCC_WARN_UNUSED_FUNCTION = YES;
				GCC_WARN_UNUSED_VARIABLE = YES;
				IPHONEOS_DEPLOYMENT_TARGET = 9.3;
				MTL_ENABLE_DEBUG_INFO = YES;
				ONLY_ACTIVE_ARCH = YES;
				SDKROOT = iphoneos;
				SWIFT_OPTIMIZATION_LEVEL = "-Onone";
				TARGETED_DEVICE_FAMILY = "1,2";
			};
			name = Debug;
		};
		FA9D4FA61D7E0B760022D2BF /* Release */ = {
			isa = XCBuildConfiguration;
			buildSettings = {
				ALWAYS_SEARCH_USER_PATHS = NO;
				CLANG_ANALYZER_NONNULL = YES;
				CLANG_CXX_LANGUAGE_STANDARD = "gnu++0x";
				CLANG_CXX_LIBRARY = "libc++";
				CLANG_ENABLE_MODULES = YES;
				CLANG_ENABLE_OBJC_ARC = YES;
				CLANG_WARN_BOOL_CONVERSION = YES;
				CLANG_WARN_CONSTANT_CONVERSION = YES;
				CLANG_WARN_DIRECT_OBJC_ISA_USAGE = YES_ERROR;
				CLANG_WARN_EMPTY_BODY = YES;
				CLANG_WARN_ENUM_CONVERSION = YES;
				CLANG_WARN_INT_CONVERSION = YES;
				CLANG_WARN_OBJC_ROOT_CLASS = YES_ERROR;
				CLANG_WARN_UNREACHABLE_CODE = YES;
				CLANG_WARN__DUPLICATE_METHOD_MATCH = YES;
				"CODE_SIGN_IDENTITY[sdk=iphoneos*]" = "iPhone Developer";
				COPY_PHASE_STRIP = NO;
				DEBUG_INFORMATION_FORMAT = "dwarf-with-dsym";
				ENABLE_NS_ASSERTIONS = NO;
				ENABLE_STRICT_OBJC_MSGSEND = YES;
				GCC_C_LANGUAGE_STANDARD = gnu99;
				GCC_NO_COMMON_BLOCKS = YES;
				GCC_WARN_64_TO_32_BIT_CONVERSION = YES;
				GCC_WARN_ABOUT_RETURN_TYPE = YES_ERROR;
				GCC_WARN_UNDECLARED_SELECTOR = YES;
				GCC_WARN_UNINITIALIZED_AUTOS = YES_AGGRESSIVE;
				GCC_WARN_UNUSED_FUNCTION = YES;
				GCC_WARN_UNUSED_VARIABLE = YES;
				IPHONEOS_DEPLOYMENT_TARGET = 9.3;
				MTL_ENABLE_DEBUG_INFO = NO;
				SDKROOT = iphoneos;
				TARGETED_DEVICE_FAMILY = "1,2";
				VALIDATE_PRODUCT = YES;
			};
			name = Release;
		};
		FA9D4FA81D7E0B760022D2BF /* Debug */ = {
			isa = XCBuildConfiguration;
			buildSettings = {
				ASSETCATALOG_COMPILER_APPICON_NAME = AppIcon;
				INFOPLIST_FILE = Timeline/Info.plist;
				LD_RUNPATH_SEARCH_PATHS = "$(inherited) @executable_path/Frameworks";
				PRODUCT_BUNDLE_IDENTIFIER = com.AustinBlaser.Timeline;
				PRODUCT_NAME = "$(TARGET_NAME)";
			};
			name = Debug;
		};
		FA9D4FA91D7E0B760022D2BF /* Release */ = {
			isa = XCBuildConfiguration;
			buildSettings = {
				ASSETCATALOG_COMPILER_APPICON_NAME = AppIcon;
				INFOPLIST_FILE = Timeline/Info.plist;
				LD_RUNPATH_SEARCH_PATHS = "$(inherited) @executable_path/Frameworks";
				PRODUCT_BUNDLE_IDENTIFIER = com.AustinBlaser.Timeline;
				PRODUCT_NAME = "$(TARGET_NAME)";
			};
			name = Release;
		};
/* End XCBuildConfiguration section */

/* Begin XCConfigurationList section */
		FA9D4F901D7E0B760022D2BF /* Build configuration list for PBXProject "Timeline" */ = {
			isa = XCConfigurationList;
			buildConfigurations = (
				FA9D4FA51D7E0B760022D2BF /* Debug */,
				FA9D4FA61D7E0B760022D2BF /* Release */,
			);
			defaultConfigurationIsVisible = 0;
			defaultConfigurationName = Release;
		};
		FA9D4FA71D7E0B760022D2BF /* Build configuration list for PBXNativeTarget "Timeline" */ = {
			isa = XCConfigurationList;
			buildConfigurations = (
				FA9D4FA81D7E0B760022D2BF /* Debug */,
				FA9D4FA91D7E0B760022D2BF /* Release */,
			);
			defaultConfigurationIsVisible = 0;
			defaultConfigurationName = Release;
		};
/* End XCConfigurationList section */
	};
	rootObject = FA9D4F8D1D7E0B760022D2BF /* Project object */;
}
